{
  "name": "claudesec",
  "version": "0.5.1",
  "lockfileVersion": 3,
  "requires": true,
  "packages": {
    "": {
      "name": "claudesec",
      "version": "0.5.1",
      "license": "MIT",
      "bin": {
        "claudesec": "bin/claudesec-cli.sh"
      },
      "engines": {
        "node": ">=16"
      }
    }
  }
}
